{
  "R": {
    "Version": "4.5.1",
    "Repositories": [
      {
        "Name": "CRAN",
        "URL": "https://cran.rstudio.com"
      }
    ]
  },
  "Packages": {
    "DBI": {
      "Package": "DBI",
      "Version": "1.2.3",
      "Source": "Repository",
      "Repository": "CRAN",
      "Hash": "065ae649b05f1ff66bb0c793107508f5",
      "Requirements": []
    },
    "DT": {
      "Package": "DT",
      "Version": "0.33",
      "Source": "Repository",
      "Repository": "CRAN",
      "Hash": "64ff3427f559ce3f2597a4fe13255cb6",
      "Requirements": [
        "crosstalk",
        "htmltools",
        "jquerylib",
        "jsonlite",
        "magrittr"
      ]
    },
    "DiceDesign": {
      "Package": "DiceDesign",
      "Version": "1.10",
      "Source": "Repository",
      "Repository": "CRAN",
      "Hash": "ac8b12951882c375d1a14f64c93e78f1",
      "Requirements": []
    },
    "Formula": {
      "Package": "Formula",
      "Version": "1.2-5",
      "Source": "Repository",
      "Repository": "CRAN",
      "Hash": "7a29697b75e027767a53fde6c903eca7",
      "Requirements": []
    },
    "GGally": {
      "Package": "GGally",
      "Version": "2.3.0",
      "Source": "Repository",
      "Repository": "CRAN",
      "Hash": "61849f9a4ec48abdc44d6c7c61320672",
      "Requirements": [
        "RColorBrewer",
        "S7",
        "ggplot2",
        "ggstats",
        "gtable",
        "lifecycle",
        "magrittr",
        "rlang",
        "scales",
        "tidyr"
      ]
    },
    "GPfit": {
      "Package": "GPfit",
      "Version": "1.0-9",
      "Source": "Repository",
      "Repository": "CRAN",
      "Hash": "900193ab977c1f09525e5713fafcf0a9",
      "Requirements": [
        "lattice",
        "lhs"
      ]
    },
    "Hmisc": {
      "Package": "Hmisc",
      "Version": "5.2-3",
      "Source": "Repository",
      "Repository": "CRAN",
      "Hash": "424e026074fa89df0aee5c1bf087b1bf",
      "Requirements": [
        "Formula",
        "base64enc",
        "colorspace",
        "data.table",
        "ggplot2",
        "gridExtra",
        "gtable",
        "htmlTable",
        "htmltools",
        "knitr",
        "nnet",
        "rmarkdown",
        "viridis"
      ]
    },
    "MASS": {
      "Package": "MASS",
      "Version": "7.3-65",
      "Source": "Repository",
      "Repository": "CRAN",
      "Hash": "a41d0fc833ea756a1136b60a437efe26",
      "Requirements": []
    },
    "Matrix": {
      "Package": "Matrix",
      "Version": "1.7-3",
      "Source": "Repository",
      "Repository": "CRAN",
      "Hash": "fb578c2b5d796882c60e9f770352f7c4",
      "Requirements": [
        "lattice"
      ]
    },
    "MatrixModels": {
      "Package": "MatrixModels",
      "Version": "0.5-4",
      "Source": "Repository",
      "Repository": "CRAN",
      "Hash": "7b77557b453924e27e8a0c88d6798cd4",
      "Requirements": [
        "Matrix"
      ]
    },
    "NHANES": {
      "Package": "NHANES",
      "Version": "2.1.0",
      "Source": "Repository",
      "Repository": "CRAN",
      "Hash": "f4790d414da5d19e6031e8d1564f227c",
      "Requirements": []
    },
    "R6": {
      "Package": "R6",
      "Version": "2.6.1",
      "Source": "Repository",
      "Repository": "CRAN",
      "Hash": "d4335fe7207f1c01ab8c41762f5840d4",
      "Requirements": []
    },
    "RANN": {
      "Package": "RANN",
      "Version": "2.6.2",
      "Source": "Repository",
      "Repository": "CRAN",
      "Hash": "3c15b582f2cb4394b4b2a1ba85a1e987",
      "Requirements": []
    },
    "RColorBrewer": {
      "Package": "RColorBrewer",
      "Version": "1.1-3",
      "Source": "Repository",
      "Repository": "CRAN",
      "Hash": "45f0398006e83a5b10b72a90663d8d8c",
      "Requirements": []
    },
    "ROSE": {
      "Package": "ROSE",
      "Version": "0.0-4",
      "Source": "Repository",
      "Repository": "CRAN",
      "Hash": "c6e79999925f0db3f2d88b187d014bf8",
      "Requirements": []
    },
    "Rcpp": {
      "Package": "Rcpp",
      "Version": "1.1.0",
      "Source": "Repository",
      "Repository": "CRAN",
      "Hash": "0d3d8867aa41b0d9ad113b50c169ecb2",
      "Requirements": []
    },
    "S7": {
      "Package": "S7",
      "Version": "0.2.0",
      "Source": "Repository",
      "Repository": "CRAN",
      "Hash": "5deb66b3ae702137e1f4162c11861e76",
      "Requirements": []
    },
    "SQUAREM": {
      "Package": "SQUAREM",
      "Version": "2021.1",
      "Source": "Repository",
      "Repository": "CRAN",
      "Hash": "0cf10dab0d023d5b46a5a14387556891",
      "Requirements": []
    },
    "SparseM": {
      "Package": "SparseM",
      "Version": "1.84-2",
      "Source": "Repository",
      "Repository": "CRAN",
      "Hash": "e78499cbcbbca98200254bd171379165",
      "Requirements": []
    },
    "Stat2Data": {
      "Package": "Stat2Data",
      "Version": "2.0.0",
      "Source": "Repository",
      "Repository": "CRAN",
      "Hash": "978eabdf61cd509f70c2e6ed7ab2f624",
      "Requirements": []
    },
    "TH.data": {
      "Package": "TH.data",
      "Version": "1.1-3",
      "Source": "Repository",
      "Repository": "CRAN",
      "Hash": "9e99e28d9ed4af128bc3d1ba0f15a63e",
      "Requirements": [
        "MASS"
      ]
    },
    "airports": {
      "Package": "airports",
      "Version": "0.1.0",
      "Source": "Repository",
      "Repository": "CRAN",
      "Hash": "14e997c91e0cdca32231b04143e0904c",
      "Requirements": []
    },
    "base64enc": {
      "Package": "base64enc",
      "Version": "0.1-3",
      "Source": "Repository",
      "Repository": "CRAN",
      "Hash": "543776ae6848fde2f48ff3816d0628bc",
      "Requirements": []
    },
    "bit": {
      "Package": "bit",
      "Version": "4.6.0",
      "Source": "Repository",
      "Repository": "CRAN",
      "Hash": "ebe86ffd194564abdc895d87742d5a29",
      "Requirements": []
    },
    "blob": {
      "Package": "blob",
      "Version": "1.2.4",
      "Source": "Repository",
      "Repository": "CRAN",
      "Hash": "40415719b5a479b87949f3aa0aee737c",
      "Requirements": [
        "rlang",
        "vctrs"
      ]
    },
    "broom": {
      "Package": "broom",
      "Version": "1.0.8",
      "Source": "Repository",
      "Repository": "CRAN",
      "Hash": "f6ceb00b6c485a472516d8d6a884b84d",
      "Requirements": [
        "cli",
        "generics",
        "glue",
        "lifecycle",
        "purrr",
        "rlang",
        "tibble",
        "tidyr"
      ]
    },
    "bslib": {
      "Package": "bslib",
      "Version": "0.9.0",
      "Source": "Repository",
      "Repository": "CRAN",
      "Hash": "70a6489cc254171fb9b4a7f130f44dca",
      "Requirements": [
        "base64enc",
        "cachem",
        "fastmap",
        "htmltools",
        "jquerylib",
        "jsonlite",
        "lifecycle",
        "memoise",
        "mime",
        "rlang",
        "sass"
      ]
    },
    "cachem": {
      "Package": "cachem",
      "Version": "1.1.0",
      "Source": "Repository",
      "Repository": "CRAN",
      "Hash": "cd9a672193789068eb5a2aad65a0dedf",
      "Requirements": [
        "fastmap",
        "rlang"
      ]
    },
    "cellranger": {
      "Package": "cellranger",
      "Version": "1.1.0",
      "Source": "Repository",
      "Repository": "CRAN",
      "Hash": "f61dbaec772ccd2e17705c1e872e9e7c",
      "Requirements": [
        "rematch",
        "tibble"
      ]
    },
    "checkmate": {
      "Package": "checkmate",
      "Version": "2.3.2",
      "Source": "Repository",
      "Repository": "CRAN",
      "Hash": "0e14e01ce07e7c88fd25de6d4260d26b",
      "Requirements": []
    },
    "cherryblossom": {
      "Package": "cherryblossom",
      "Version": "0.1.0",
      "Source": "Repository",
      "Repository": "CRAN",
      "Hash": "ef936debf27cd40d667339a6ad89cd75",
      "Requirements": []
    },
    "cli": {
      "Package": "cli",
      "Version": "3.6.5",
      "Source": "Repository",
      "Repository": "CRAN",
      "Hash": "16850760556401a2eeb27d39bd11c9cb",
      "Requirements": []
    },
    "clock": {
      "Package": "clock",
      "Version": "0.7.3",
      "Source": "Repository",
      "Repository": "CRAN",
      "Hash": "0abf50c09a3b9ccf0d253ae6a272099e",
      "Requirements": [
        "cli",
        "cpp11",
        "lifecycle",
        "rlang",
        "vctrs"
      ]
    },
    "colorspace": {
      "Package": "colorspace",
      "Version": "2.1-1",
      "Source": "Repository",
      "Repository": "CRAN",
      "Hash": "d954cb1c57e8d8b756165d7ba18aa55a",
      "Requirements": []
    },
    "conflicted": {
      "Package": "conflicted",
      "Version": "1.2.0",
      "Source": "Repository",
      "Repository": "CRAN",
      "Hash": "bb097fccb22d156624fd07cd2894ddb6",
      "Requirements": [
        "cli",
        "memoise",
        "rlang"
      ]
    },
    "countdown": {
      "Package": "countdown",
      "Version": "0.4.0",
      "Source": "Repository",
      "Repository": "CRAN",
      "Hash": "b44ad5a5e287637c3b8ca0e9bb64bb18",
      "Requirements": [
        "htmltools",
        "prismatic"
      ]
    },
    "cpp11": {
      "Package": "cpp11",
      "Version": "0.5.2",
      "Source": "Repository",
      "Repository": "CRAN",
      "Hash": "2720e3fd3dad08f34b19b56b3d6f073d",
      "Requirements": []
    },
    "crosstalk": {
      "Package": "crosstalk",
      "Version": "1.2.1",
      "Source": "Repository",
      "Repository": "CRAN",
      "Hash": "ab12c7b080a57475248a30f4db6298c0",
      "Requirements": [
        "R6",
        "htmltools",
        "jsonlite"
      ]
    },
    "data.table": {
      "Package": "data.table",
      "Version": "1.17.8",
      "Source": "Repository",
      "Repository": "CRAN",
      "Hash": "1d991cd6160fa7b1fdbd3689034cbd15",
      "Requirements": []
    },
    "dbplyr": {
      "Package": "dbplyr",
      "Version": "2.5.0",
      "Source": "Repository",
      "Repository": "CRAN",
      "Hash": "39b2e002522bfd258039ee4e889e0fd1",
      "Requirements": [
        "DBI",
        "R6",
        "blob",
        "cli",
        "glue",
        "lifecycle",
        "magrittr",
        "pillar",
        "purrr",
        "rlang",
        "tibble",
        "tidyr",
        "vctrs",
        "withr"
      ]
    },
    "diagram": {
      "Package": "diagram",
      "Version": "1.6.5",
      "Source": "Repository",
      "Repository": "CRAN",
      "Hash": "c7f527c59edc72c4bce63519b8d38752",
      "Requirements": [
        "shape"
      ]
    },
    "dials": {
      "Package": "dials",
      "Version": "1.4.0",
      "Source": "Repository",
      "Repository": "CRAN",
      "Hash": "0a10c1d456fc2b9ac84b12e5ce60cf73",
      "Requirements": [
        "DiceDesign",
        "cli",
        "glue",
        "hardhat",
        "lifecycle",
        "pillar",
        "purrr",
        "rlang",
        "scales",
        "sfd",
        "tibble",
        "vctrs",
        "withr"
      ]
    },
    "digest": {
      "Package": "digest",
      "Version": "0.6.37",
      "Source": "Repository",
      "Repository": "CRAN",
      "Hash": "33698c4b3127fc9f506654607fb73676",
      "Requirements": []
    },
    "doFuture": {
      "Package": "doFuture",
      "Version": "1.1.2",
      "Source": "Repository",
      "Repository": "CRAN",
      "Hash": "f1bd94b23bcb797451ec9f41dcc82180",
      "Requirements": [
        "foreach",
        "future",
        "future.apply",
        "globals",
        "iterators"
      ]
    },
    "dtplyr": {
      "Package": "dtplyr",
      "Version": "1.3.1",
      "Source": "Repository",
      "Repository": "CRAN",
      "Hash": "54ed3ea01b11e81a86544faaecfef8e2",
      "Requirements": [
        "cli",
        "data.table",
        "glue",
        "lifecycle",
        "rlang",
        "tibble",
        "vctrs"
      ]
    },
    "evaluate": {
      "Package": "evaluate",
      "Version": "1.0.4",
      "Source": "Repository",
      "Repository": "CRAN",
      "Hash": "7c29cedd515863338c7f5f77fe9ddf74",
      "Requirements": []
    },
    "farver": {
      "Package": "farver",
      "Version": "2.1.2",
      "Source": "Repository",
      "Repository": "CRAN",
      "Hash": "680887028577f3fa2a81e410ed0d6e42",
      "Requirements": []
    },
    "fastmap": {
      "Package": "fastmap",
      "Version": "1.2.0",
      "Source": "Repository",
      "Repository": "CRAN",
      "Hash": "aa5e1cd11c2d15497494c5292d7ffcc8",
      "Requirements": []
    },
    "fivethirtyeight": {
      "Package": "fivethirtyeight",
      "Version": "0.6.2",
      "Source": "Repository",
      "Repository": "CRAN",
      "Hash": "16801472ed3455dfd53ed3ca1f5f6926",
      "Requirements": []
    },
    "fontawesome": {
      "Package": "fontawesome",
      "Version": "0.5.3",
      "Source": "Repository",
      "Repository": "CRAN",
      "Hash": "bd1297f9b5b1fc1372d19e2c4cd82215",
      "Requirements": [
        "htmltools",
        "rlang"
      ]
    },
    "forcats": {
      "Package": "forcats",
      "Version": "1.0.0",
      "Source": "Repository",
      "Repository": "CRAN",
      "Hash": "1a0a9a3d5083d0d573c4214576f1e690",
      "Requirements": [
        "cli",
        "glue",
        "lifecycle",
        "magrittr",
        "rlang",
        "tibble"
      ]
    },
    "foreach": {
      "Package": "foreach",
      "Version": "1.5.2",
      "Source": "Repository",
      "Repository": "CRAN",
      "Hash": "618609b42c9406731ead03adf5379850",
      "Requirements": [
        "iterators"
      ]
    },
    "fs": {
      "Package": "fs",
      "Version": "1.6.6",
      "Source": "Repository",
      "Repository": "CRAN",
      "Hash": "7eb1e342eee7e0a7449c49cdaa526d39",
      "Requirements": []
    },
    "furrr": {
      "Package": "furrr",
      "Version": "0.3.1",
      "Source": "Repository",
      "Repository": "CRAN",
      "Hash": "da7a4c32196cb2262a41dd5a25d486ff",
      "Requirements": [
        "future",
        "globals",
        "lifecycle",
        "purrr",
        "rlang",
        "vctrs"
      ]
    },
    "future": {
      "Package": "future",
      "Version": "1.58.0",
      "Source": "Repository",
      "Repository": "CRAN",
      "Hash": "b096716c11b90643e3cecdcbef564259",
      "Requirements": [
        "digest",
        "globals",
        "listenv",
        "parallelly"
      ]
    },
    "future.apply": {
      "Package": "future.apply",
      "Version": "1.20.0",
      "Source": "Repository",
      "Repository": "CRAN",
      "Hash": "42eb18487138fa2683ff92149e4bd01a",
      "Requirements": [
        "future",
        "globals"
      ]
    },
    "gargle": {
      "Package": "gargle",
      "Version": "1.5.2",
      "Source": "Repository",
      "Repository": "CRAN",
      "Hash": "fc0b272e5847c58cd5da9b20eedbd026",
      "Requirements": [
        "cli",
        "fs",
        "glue",
        "httr",
        "jsonlite",
        "lifecycle",
        "rappdirs",
        "rlang",
        "withr"
      ]
    },
    "generics": {
      "Package": "generics",
      "Version": "0.1.4",
      "Source": "Repository",
      "Repository": "CRAN",
      "Hash": "4b29bf698d0c7bdb9f1e4976e7ade41d",
      "Requirements": []
    },
    "ggfortify": {
      "Package": "ggfortify",
      "Version": "0.4.18",
      "Source": "Repository",
      "Repository": "CRAN",
      "Hash": "74a033bcd2e3c23ecc553d26001cc707",
      "Requirements": [
        "ggplot2",
        "gridExtra",
        "scales",
        "tibble",
        "tidyr"
      ]
    },
    "gghighlight": {
      "Package": "gghighlight",
      "Version": "0.5.0",
      "Source": "Repository",
      "Repository": "CRAN",
      "Hash": "e5b306499cfa96bd1a6716c26bf04469",
      "Requirements": [
        "ggplot2",
        "ggrepel",
        "lifecycle",
        "purrr",
        "rlang",
        "scales",
        "tibble"
      ]
    },
    "ggplot2": {
      "Package": "ggplot2",
      "Version": "3.5.2",
      "Source": "Repository",
      "Repository": "CRAN",
      "Hash": "7ad64861e028a777d7d67ff83231b548",
      "Requirements": [
        "MASS",
        "cli",
        "glue",
        "gtable",
        "isoband",
        "lifecycle",
        "mgcv",
        "rlang",
        "scales",
        "tibble",
        "vctrs",
        "withr"
      ]
    },
    "ggrepel": {
      "Package": "ggrepel",
      "Version": "0.9.6",
      "Source": "Repository",
      "Repository": "CRAN",
      "Hash": "3d4156850acc1161f2f24bc61c9217c1",
      "Requirements": [
        "Rcpp",
        "ggplot2",
        "rlang",
        "scales",
        "withr"
      ]
    },
    "ggstats": {
      "Package": "ggstats",
      "Version": "0.10.0",
      "Source": "Repository",
      "Repository": "CRAN",
      "Hash": "392653403964787abba3bcad75b23620",
      "Requirements": [
        "cli",
        "forcats",
        "ggplot2",
        "lifecycle",
        "patchwork",
        "purrr",
        "rlang",
        "scales",
        "tidyr"
      ]
    },
    "globals": {
      "Package": "globals",
      "Version": "0.18.0",
      "Source": "Repository",
      "Repository": "CRAN",
      "Hash": "0e0c37bd3108b8835c99eaa4d83cf6f5",
      "Requirements": []
    },
    "glue": {
      "Package": "glue",
      "Version": "1.8.0",
      "Source": "Repository",
      "Repository": "CRAN",
      "Hash": "5899f1eaa825580172bb56c08266f37c",
      "Requirements": []
    },
    "googledrive": {
      "Package": "googledrive",
      "Version": "2.1.1",
      "Source": "Repository",
      "Repository": "CRAN",
      "Hash": "e99641edef03e2a5e87f0a0b1fcc97f4",
      "Requirements": [
        "cli",
        "gargle",
        "glue",
        "httr",
        "jsonlite",
        "lifecycle",
        "magrittr",
        "pillar",
        "purrr",
        "rlang",
        "tibble",
        "uuid",
        "vctrs",
        "withr"
      ]
    },
    "googlesheets4": {
      "Package": "googlesheets4",
      "Version": "1.1.1",
      "Source": "Repository",
      "Repository": "CRAN",
      "Hash": "d6db1667059d027da730decdc214b959",
      "Requirements": [
        "cellranger",
        "cli",
        "gargle",
        "glue",
        "googledrive",
        "httr",
        "ids",
        "lifecycle",
        "magrittr",
        "purrr",
        "rematch2",
        "rlang",
        "tibble",
        "vctrs",
        "withr"
      ]
    },
    "gower": {
      "Package": "gower",
      "Version": "1.0.2",
      "Source": "Repository",
      "Repository": "CRAN",
      "Hash": "7a37062c38f12229b5191cf5f593f91e",
      "Requirements": []
    },
    "gridExtra": {
      "Package": "gridExtra",
      "Version": "2.3",
      "Source": "Repository",
      "Repository": "CRAN",
      "Hash": "7d7f283939f563670a697165b2cf5560",
      "Requirements": [
        "gtable"
      ]
    },
    "gtable": {
      "Package": "gtable",
      "Version": "0.3.6",
      "Source": "Repository",
      "Repository": "CRAN",
      "Hash": "de949855009e2d4d0e52a844e30617ae",
      "Requirements": [
        "cli",
        "glue",
        "lifecycle",
        "rlang"
      ]
    },
    "hardhat": {
      "Package": "hardhat",
      "Version": "1.4.1",
      "Source": "Repository",
      "Repository": "CRAN",
      "Hash": "42700da57c44a7f594270799803e20be",
      "Requirements": [
        "cli",
        "glue",
        "rlang",
        "sparsevctrs",
        "tibble",
        "vctrs"
      ]
    },
    "haven": {
      "Package": "haven",
      "Version": "2.5.5",
      "Source": "Repository",
      "Repository": "CRAN",
      "Hash": "437bc7804f8ffdfcfed38d0aead6a9d7",
      "Requirements": [
        "cli",
        "cpp11",
        "forcats",
        "lifecycle",
        "rlang",
        "tibble",
        "vctrs"
      ]
    },
    "here": {
      "Package": "here",
      "Version": "1.0.1",
      "Source": "Repository",
      "Repository": "CRAN",
      "Hash": "24b224366f9c2e7534d2344d10d59211",
      "Requirements": [
        "rprojroot"
      ]
    },
    "highr": {
      "Package": "highr",
      "Version": "0.11",
      "Source": "Repository",
      "Repository": "CRAN",
      "Hash": "d65ba49117ca223614f71b60d85b8ab7",
      "Requirements": [
        "xfun"
      ]
    },
    "htmlTable": {
      "Package": "htmlTable",
      "Version": "2.4.3",
      "Source": "Repository",
      "Repository": "CRAN",
      "Hash": "ca027d8771f2c039aed82f00a81e725b",
      "Requirements": [
        "checkmate",
        "htmltools",
        "knitr",
        "magrittr"
      ]
    },
    "htmltools": {
      "Package": "htmltools",
      "Version": "0.5.8.1",
      "Source": "Repository",
      "Repository": "CRAN",
      "Hash": "81d371a9cc60640e74e4ab6ac46dcedc",
      "Requirements": [
        "base64enc",
        "digest",
        "fastmap",
        "rlang"
      ]
    },
    "httr": {
      "Package": "httr",
      "Version": "1.4.7",
      "Source": "Repository",
      "Repository": "CRAN",
      "Hash": "ac107251d9d9fd72f0ca8049988f1d7f",
      "Requirements": [
        "R6",
        "jsonlite",
        "mime"
      ]
    },
    "ids": {
      "Package": "ids",
      "Version": "1.0.1",
      "Source": "Repository",
      "Repository": "CRAN",
      "Hash": "99df65cfef20e525ed38c3d2577f7190",
      "Requirements": [
        "uuid"
      ]
    },
    "infer": {
      "Package": "infer",
      "Version": "1.0.9",
      "Source": "Repository",
      "Repository": "CRAN",
      "Hash": "2031fa505db98589b0f19c793a70660f",
      "Requirements": [
        "broom",
        "cli",
        "generics",
        "ggplot2",
        "glue",
        "lifecycle",
        "magrittr",
        "patchwork",
        "purrr",
        "rlang",
        "tibble",
        "tidyr",
        "vctrs"
      ]
    },
    "ipred": {
      "Package": "ipred",
      "Version": "0.9-15",
      "Source": "Repository",
      "Repository": "CRAN",
      "Hash": "3c3e02183ef7b9225213b531d0ce43f5",
      "Requirements": [
        "MASS",
        "nnet",
        "prodlim"
      ]
    },
    "isoband": {
      "Package": "isoband",
      "Version": "0.2.7",
      "Source": "Repository",
      "Repository": "CRAN",
      "Hash": "0080607b4a1a7b28979aecef976d8bc2",
      "Requirements": []
    },
    "iterators": {
      "Package": "iterators",
      "Version": "1.0.14",
      "Source": "Repository",
      "Repository": "CRAN",
      "Hash": "8954069286b4b2b0d023d1b288dce978",
      "Requirements": []
    },
    "janitor": {
      "Package": "janitor",
      "Version": "2.2.1",
      "Source": "Repository",
      "Repository": "CRAN",
      "Hash": "64f308bf1fbf5f856cdf4b4c7c0ce51b",
      "Requirements": [
        "lifecycle",
        "lubridate",
        "magrittr",
        "purrr",
        "rlang",
        "snakecase",
        "tidyr"
      ]
    },
    "jquerylib": {
      "Package": "jquerylib",
      "Version": "0.1.4",
      "Source": "Repository",
      "Repository": "CRAN",
      "Hash": "5aab57a3bd297eee1c1d862735972182",
      "Requirements": [
        "htmltools"
      ]
    },
    "jsonlite": {
      "Package": "jsonlite",
      "Version": "2.0.0",
      "Source": "Repository",
      "Repository": "CRAN",
      "Hash": "b0776f526d36d8bd4a3344a88fe165c4",
      "Requirements": []
    },
    "kableExtra": {
      "Package": "kableExtra",
      "Version": "1.4.0",
      "Source": "Repository",
      "Repository": "CRAN",
      "Hash": "532d16304274c23c8563f94b79351c86",
      "Requirements": [
        "digest",
        "htmltools",
        "knitr",
        "magrittr",
        "rmarkdown",
        "scales",
        "svglite",
        "viridisLite"
      ]
    },
    "knitr": {
      "Package": "knitr",
      "Version": "1.50",
      "Source": "Repository",
      "Repository": "CRAN",
      "Hash": "5a07d8ec459d7b80bd4acca5f4a6e062",
      "Requirements": [
        "evaluate",
        "highr",
        "xfun",
        "yaml"
      ]
    },
    "labeling": {
      "Package": "labeling",
      "Version": "0.4.3",
      "Source": "Repository",
      "Repository": "CRAN",
      "Hash": "b64ec208ac5bc1852b285f665d6368b3",
      "Requirements": []
    },
    "lattice": {
      "Package": "lattice",
      "Version": "0.22-7",
      "Source": "Repository",
      "Repository": "CRAN",
      "Hash": "934f30aea6442867f57a610034ab06d3",
      "Requirements": []
    },
    "lava": {
      "Package": "lava",
      "Version": "1.8.1",
      "Source": "Repository",
      "Repository": "CRAN",
      "Hash": "b74911f7265f9c908027dab63801a754",
      "Requirements": [
        "SQUAREM",
        "cli",
        "future.apply",
        "numDeriv",
        "progressr"
      ]
    },
    "lhs": {
      "Package": "lhs",
      "Version": "1.2.0",
      "Source": "Repository",
      "Repository": "CRAN",
      "Hash": "6d18e58d3d1de31b6e5415c1fe291113",
      "Requirements": [
        "Rcpp"
      ]
    },
    "lifecycle": {
      "Package": "lifecycle",
      "Version": "1.0.4",
      "Source": "Repository",
      "Repository": "CRAN",
      "Hash": "b8552d117e1b808b09a832f589b79035",
      "Requirements": [
        "cli",
        "glue",
        "rlang"
      ]
    },
    "listenv": {
      "Package": "listenv",
      "Version": "0.9.1",
      "Source": "Repository",
      "Repository": "CRAN",
      "Hash": "e2fca3e12e4db979dccc6e519b10a7ee",
      "Requirements": []
    },
    "lubridate": {
      "Package": "lubridate",
      "Version": "1.9.4",
      "Source": "Repository",
      "Repository": "CRAN",
      "Hash": "be38bc740fc51783a78edb5a157e4104",
      "Requirements": [
        "generics",
        "timechange"
      ]
    },
    "magrittr": {
      "Package": "magrittr",
      "Version": "2.0.3",
      "Source": "Repository",
      "Repository": "CRAN",
      "Hash": "7ce2733a9826b3aeb1775d56fd305472",
      "Requirements": []
    },
    "maps": {
      "Package": "maps",
      "Version": "3.4.3",
      "Source": "Repository",
      "Repository": "CRAN",
      "Hash": "fd17b77df6edadecf2fe08382c5a2eb1",
      "Requirements": []
    },
    "memoise": {
      "Package": "memoise",
      "Version": "2.0.1",
      "Source": "Repository",
      "Repository": "CRAN",
      "Hash": "e2817ccf4a065c5d9d7f2cfbe7c1d78c",
      "Requirements": [
        "cachem",
        "rlang"
      ]
    },
    "mgcv": {
      "Package": "mgcv",
      "Version": "1.9-3",
      "Source": "Repository",
      "Repository": "CRAN",
      "Hash": "51fcbccd59569cdad6da6b8e49cdf4f2",
      "Requirements": [
        "Matrix",
        "nlme"
      ]
    },
    "mime": {
      "Package": "mime",
      "Version": "0.13",
      "Source": "Repository",
      "Repository": "CRAN",
      "Hash": "0ec19f34c72fab674d8f2b4b1c6410e1",
      "Requirements": []
    },
    "modeldata": {
      "Package": "modeldata",
      "Version": "1.4.0",
      "Source": "Repository",
      "Repository": "CRAN",
      "Hash": "a88b3cef9f6a41e075163e767ad8c8fa",
      "Requirements": [
        "MASS",
        "purrr",
        "rlang",
        "tibble"
      ]
    },
    "modelenv": {
      "Package": "modelenv",
      "Version": "0.2.0",
      "Source": "Repository",
      "Repository": "CRAN",
      "Hash": "d3c0bebed774ca58574f6f1d7e9b9a62",
      "Requirements": [
        "cli",
        "glue",
        "rlang",
        "tibble",
        "vctrs"
      ]
    },
    "modelr": {
      "Package": "modelr",
      "Version": "0.1.11",
      "Source": "Repository",
      "Repository": "CRAN",
      "Hash": "4f50122dc256b1b6996a4703fecea821",
      "Requirements": [
        "broom",
        "magrittr",
        "purrr",
        "rlang",
        "tibble",
        "tidyr",
        "vctrs"
      ]
    },
    "multcomp": {
      "Package": "multcomp",
      "Version": "1.4-28",
      "Source": "Repository",
      "Repository": "CRAN",
      "Hash": "4a05342d3cdef9ba4dcdd09d6cc31343",
      "Requirements": [
        "TH.data",
        "mvtnorm",
        "sandwich"
      ]
    },
    "mvtnorm": {
      "Package": "mvtnorm",
      "Version": "1.3-3",
      "Source": "Repository",
      "Repository": "CRAN",
      "Hash": "c7241e6be9d6df551a2e539a50f5c875",
      "Requirements": []
    },
    "nlme": {
      "Package": "nlme",
      "Version": "3.1-168",
      "Source": "Repository",
      "Repository": "CRAN",
      "Hash": "b1d2ea08d5d392831fbc32c872362b06",
      "Requirements": [
        "lattice"
      ]
    },
    "nnet": {
      "Package": "nnet",
      "Version": "7.3-20",
      "Source": "Repository",
      "Repository": "CRAN",
      "Hash": "c955edf99ff24a32e96bd0a22645af60",
      "Requirements": []
    },
    "numDeriv": {
      "Package": "numDeriv",
      "Version": "2016.8-1.1",
      "Source": "Repository",
      "Repository": "CRAN",
      "Hash": "df58958f293b166e4ab885ebcad90e02",
      "Requirements": []
    },
    "nycflights13": {
      "Package": "nycflights13",
      "Version": "1.0.2",
      "Source": "Repository",
      "Repository": "CRAN",
      "Hash": "61eb941328b49a62d7f9816dfed7d959",
      "Requirements": [
        "tibble"
      ]
    },
    "openintro": {
      "Package": "openintro",
      "Version": "2.5.0",
      "Source": "Repository",
      "Repository": "CRAN",
      "Hash": "d25a629e4f3163cfc981516817f358ca",
      "Requirements": [
        "airports",
        "cherryblossom",
        "ggplot2",
        "rmarkdown",
        "tibble",
        "usdata"
      ]
    },
    "pROC": {
      "Package": "pROC",
      "Version": "1.18.5",
      "Source": "Repository",
      "Repository": "CRAN",
      "Hash": "82d32ebd548c6a4e7de73bab96411b3b",
      "Requirements": [
        "Rcpp",
        "plyr"
      ]
    },
    "palmerpenguins": {
      "Package": "palmerpenguins",
      "Version": "0.1.1",
      "Source": "Repository",
      "Repository": "CRAN",
      "Hash": "6c6861efbc13c1d543749e9c7be4a592",
      "Requirements": []
    },
    "parallelly": {
      "Package": "parallelly",
      "Version": "1.45.0",
      "Source": "Repository",
      "Repository": "CRAN",
      "Hash": "eec07caa14285c8a9f9de8276473e7a1",
      "Requirements": []
    },
    "parsnip": {
      "Package": "parsnip",
      "Version": "1.3.2",
      "Source": "Repository",
      "Repository": "CRAN",
      "Hash": "18f6b91c0e920ae4acc180fedb988b7b",
      "Requirements": [
        "cli",
        "generics",
        "ggplot2",
        "globals",
        "glue",
        "hardhat",
        "lifecycle",
        "magrittr",
        "pillar",
        "purrr",
        "rlang",
        "sparsevctrs",
        "tibble",
        "tidyr",
        "vctrs",
        "withr"
      ]
    },
    "patchwork": {
      "Package": "patchwork",
      "Version": "1.3.1",
      "Source": "Repository",
      "Repository": "CRAN",
      "Hash": "4f3392eb5828d32cdd82bd875b42e424",
      "Requirements": [
        "cli",
        "farver",
        "ggplot2",
        "gtable",
        "rlang"
      ]
    },
    "pillar": {
      "Package": "pillar",
      "Version": "1.11.0",
      "Source": "Repository",
      "Repository": "CRAN",
      "Hash": "10344e4bdafc6725ed83c3d6b756f4d9",
      "Requirements": [
        "cli",
        "glue",
        "lifecycle",
        "rlang",
        "utf8",
        "vctrs"
      ]
    },
    "pkgconfig": {
      "Package": "pkgconfig",
      "Version": "2.0.3",
      "Source": "Repository",
      "Repository": "CRAN",
      "Hash": "01f28d4278f15c76cddbea05899c5d6f",
      "Requirements": []
    },
    "plyr": {
      "Package": "plyr",
      "Version": "1.8.9",
      "Source": "Repository",
      "Repository": "CRAN",
      "Hash": "6b8177fd19982f0020743fadbfdbd933",
      "Requirements": [
        "Rcpp"
      ]
    },
    "polspline": {
      "Package": "polspline",
      "Version": "1.1.25",
      "Source": "Repository",
      "Repository": "CRAN",
      "Hash": "3e521dc3f358821bb25cd0018f0d0bb8",
      "Requirements": []
    },
    "prismatic": {
      "Package": "prismatic",
      "Version": "1.1.2",
      "Source": "Repository",
      "Repository": "CRAN",
      "Hash": "51967d2e55a523791ae22832e86209ae",
      "Requirements": [
        "farver"
      ]
    },
    "prodlim": {
      "Package": "prodlim",
      "Version": "2025.04.28",
      "Source": "Repository",
      "Repository": "CRAN",
      "Hash": "bf01a200549d13051f51ab15010aac52",
      "Requirements": [
        "Rcpp",
        "data.table",
        "diagram",
        "ggplot2",
        "lava",
        "rlang"
      ]
    },
    "progressr": {
      "Package": "progressr",
      "Version": "0.15.1",
      "Source": "Repository",
      "Repository": "CRAN",
      "Hash": "f8e9876b6ffff900e83f171081cacd6f",
      "Requirements": [
        "digest"
      ]
    },
    "purrr": {
      "Package": "purrr",
      "Version": "1.1.0",
      "Source": "Repository",
      "Repository": "CRAN",
      "Hash": "9240cfb47489133f809918a0d3cc60cb",
      "Requirements": [
        "cli",
        "lifecycle",
        "magrittr",
        "rlang",
        "vctrs"
      ]
    },
    "quantreg": {
      "Package": "quantreg",
      "Version": "6.1",
      "Source": "Repository",
      "Repository": "CRAN",
      "Hash": "c761594a7770e688a6e79003ed04877a",
      "Requirements": [
        "MASS",
        "Matrix",
        "MatrixModels",
        "SparseM"
      ]
    },
    "quarto": {
      "Package": "quarto",
      "Version": "1.4.4",
      "Source": "Repository",
      "Repository": "CRAN",
      "Hash": "af456d7a181750812bd8b2bfedb3ea4e",
      "Requirements": [
        "cli",
        "jsonlite",
        "rlang",
        "rmarkdown",
        "yaml"
      ]
    },
    "rappdirs": {
      "Package": "rappdirs",
      "Version": "0.3.3",
      "Source": "Repository",
      "Repository": "CRAN",
      "Hash": "5e3c5dc0b071b21fa128676560dbe94d",
      "Requirements": []
    },
    "readxl": {
      "Package": "readxl",
      "Version": "1.4.5",
      "Source": "Repository",
      "Repository": "CRAN",
      "Hash": "18948de59f05d38a44d3e5065a76b4b6",
      "Requirements": [
        "cellranger",
        "cpp11",
        "tibble"
      ]
    },
    "recipes": {
      "Package": "recipes",
      "Version": "1.3.1",
      "Source": "Repository",
      "Repository": "CRAN",
      "Hash": "fa64dfb9b76177ecc7e2a52213c2669b",
      "Requirements": [
        "Matrix",
        "cli",
        "clock",
        "generics",
        "glue",
        "gower",
        "hardhat",
        "ipred",
        "lifecycle",
        "lubridate",
        "magrittr",
        "purrr",
        "rlang",
        "sparsevctrs",
        "tibble",
        "tidyr",
        "timeDate",
        "vctrs",
        "withr"
      ]
    },
    "rematch": {
      "Package": "rematch",
      "Version": "2.0.0",
      "Source": "Repository",
      "Repository": "CRAN",
      "Hash": "cbff1b666c6fa6d21202f07e2318d4f1",
      "Requirements": []
    },
    "rematch2": {
      "Package": "rematch2",
      "Version": "2.1.2",
      "Source": "Repository",
      "Repository": "CRAN",
      "Hash": "76c9e04c712a05848ae7a23d2f170a40",
      "Requirements": [
        "tibble"
      ]
    },
    "renv": {
      "Package": "renv",
      "Version": "0.15.1",
      "Source": "Repository",
      "Repository": "CRAN",
      "Hash": "c38694b67e7f7091f7d073b3766258cc",
      "Requirements": []
    },
    "reprex": {
      "Package": "reprex",
      "Version": "2.1.1",
      "Source": "Repository",
      "Repository": "CRAN",
      "Hash": "97b1d5361a24d9fb588db7afe3e5bcbf",
      "Requirements": [
        "cli",
        "fs",
        "glue",
        "knitr",
        "lifecycle",
        "rlang",
        "rmarkdown",
        "withr"
      ]
    },
    "rlang": {
      "Package": "rlang",
      "Version": "1.1.6",
      "Source": "Repository",
      "Repository": "CRAN",
      "Hash": "892124978869b74935dc3934c42bfe5a",
      "Requirements": []
    },
    "rmarkdown": {
      "Package": "rmarkdown",
      "Version": "2.29",
      "Source": "Repository",
      "Repository": "CRAN",
      "Hash": "df99277f63d01c34e95e3d2f06a79736",
      "Requirements": [
        "bslib",
        "evaluate",
        "fontawesome",
        "htmltools",
        "jquerylib",
        "jsonlite",
        "knitr",
        "tinytex",
        "xfun",
        "yaml"
      ]
    },
    "rms": {
      "Package": "rms",
      "Version": "8.0-0",
      "Source": "Repository",
      "Repository": "CRAN",
      "Hash": "e76d027a4ef6769fa29e629dac68460b",
      "Requirements": [
        "Hmisc",
        "MASS",
        "Matrix",
        "SparseM",
        "colorspace",
        "digest",
        "ggplot2",
        "htmlTable",
        "htmltools",
        "knitr",
        "multcomp",
        "nlme",
        "polspline",
        "quantreg",
        "scales"
      ]
    },
    "rprojroot": {
      "Package": "rprojroot",
      "Version": "2.1.0",
      "Source": "Repository",
      "Repository": "CRAN",
      "Hash": "74c506458effb43d21f74750e8cd42f6",
      "Requirements": []
    },
    "rsample": {
      "Package": "rsample",
      "Version": "1.3.0",
      "Source": "Repository",
      "Repository": "CRAN",
      "Hash": "f5cee161ba12b42ccf2bd83656d8f883",
      "Requirements": [
        "cli",
        "furrr",
        "generics",
        "glue",
        "lifecycle",
        "pillar",
        "purrr",
        "rlang",
        "slider",
        "tibble",
        "tidyr",
        "vctrs"
      ]
    },
    "rvest": {
      "Package": "rvest",
      "Version": "1.0.4",
      "Source": "Repository",
      "Repository": "CRAN",
      "Hash": "0bcf0c6f274e90ea314b812a6d19a519",
      "Requirements": [
        "cli",
        "glue",
        "httr",
        "lifecycle",
        "magrittr",
        "rlang",
        "selectr",
        "tibble"
      ]
    },
    "sandwich": {
      "Package": "sandwich",
      "Version": "3.1-1",
      "Source": "Repository",
      "Repository": "CRAN",
      "Hash": "072bb2d27425f2a58fe71fe1080676ce",
      "Requirements": [
        "zoo"
      ]
    },
    "sass": {
      "Package": "sass",
      "Version": "0.4.10",
      "Source": "Repository",
      "Repository": "CRAN",
      "Hash": "3fb78d066fb92299b1d13f6a7c9a90a8",
      "Requirements": [
        "R6",
        "fs",
        "htmltools",
        "rappdirs",
        "rlang"
      ]
    },
    "scales": {
      "Package": "scales",
      "Version": "1.4.0",
      "Source": "Repository",
      "Repository": "CRAN",
      "Hash": "c5bba8f0d1df8c4b9538a40570798d9b",
      "Requirements": [
        "R6",
        "RColorBrewer",
        "cli",
        "farver",
        "glue",
        "labeling",
        "lifecycle",
        "rlang",
        "viridisLite"
      ]
    },
    "schrute": {
      "Package": "schrute",
      "Version": "1.0.1",
      "Source": "Repository",
      "Repository": "CRAN",
      "Hash": "b4b4924d328e7d1c05310aa19f8f3b40",
      "Requirements": [
        "magrittr"
      ]
    },
    "selectr": {
      "Package": "selectr",
      "Version": "0.4-2",
      "Source": "Repository",
      "Repository": "CRAN",
      "Hash": "3838071b66e0c566d55cc26bd6e27bf4",
      "Requirements": [
        "R6"
      ]
    },
    "sfd": {
      "Package": "sfd",
      "Version": "0.1.0",
      "Source": "Repository",
      "Repository": "CRAN",
      "Hash": "8798f23058ead1d2ffd1223dfc0c8906",
      "Requirements": [
        "cli",
        "rlang",
        "tibble"
      ]
    },
    "shape": {
      "Package": "shape",
      "Version": "1.4.6.1",
      "Source": "Repository",
      "Repository": "CRAN",
      "Hash": "5c47e84dc0a3ca761ae1d307889e796d",
      "Requirements": []
    },
    "slider": {
      "Package": "slider",
      "Version": "0.3.2",
      "Source": "Repository",
      "Repository": "CRAN",
      "Hash": "5dbae6fb8e910b174bc3428164f4e8f8",
      "Requirements": [
        "cli",
        "rlang",
        "vctrs",
        "warp"
      ]
    },
    "snakecase": {
      "Package": "snakecase",
      "Version": "0.11.1",
      "Source": "Repository",
      "Repository": "CRAN",
      "Hash": "58767e44739b76965332e8a4fe3f91f1",
      "Requirements": []
    },
    "sparsevctrs": {
      "Package": "sparsevctrs",
      "Version": "0.3.4",
      "Source": "Repository",
      "Repository": "CRAN",
      "Hash": "9e3c5b84f78db47fc6eb6195e20b4d9a",
      "Requirements": [
        "cli",
        "rlang",
        "vctrs"
      ]
    },
    "svglite": {
      "Package": "svglite",
      "Version": "2.2.1",
      "Source": "Repository",
      "Repository": "CRAN",
      "Hash": "a8a754856a1b29a24cbe269b8e03989a",
      "Requirements": [
        "base64enc",
        "cli",
        "cpp11",
        "lifecycle",
        "rlang"
      ]
    },
    "themis": {
      "Package": "themis",
      "Version": "1.0.3",
      "Source": "Repository",
      "Repository": "CRAN",
      "Hash": "f290b54b7789466e2beee2f0c22dccab",
      "Requirements": [
        "RANN",
        "ROSE",
        "cli",
        "generics",
        "glue",
        "gower",
        "hardhat",
        "lifecycle",
        "purrr",
        "recipes",
        "rlang",
        "tibble",
        "vctrs",
        "withr"
      ]
    },
    "tibble": {
      "Package": "tibble",
      "Version": "3.3.0",
      "Source": "Repository",
      "Repository": "CRAN",
      "Hash": "784b27d0801c3829de602105757b2cd7",
      "Requirements": [
        "cli",
        "lifecycle",
        "magrittr",
        "pillar",
        "pkgconfig",
        "rlang",
        "vctrs"
      ]
    },
    "tidymodels": {
      "Package": "tidymodels",
      "Version": "1.3.0",
      "Source": "Repository",
      "Repository": "CRAN",
      "Hash": "404488681fdfecc30a2ac59cb24fd395",
      "Requirements": [
        "broom",
        "cli",
        "conflicted",
        "dials",
        "ggplot2",
        "hardhat",
        "infer",
        "modeldata",
        "parsnip",
        "purrr",
        "recipes",
        "rlang",
        "rsample",
        "tibble",
        "tidyr",
        "tune",
        "workflows",
        "workflowsets",
        "yardstick"
      ]
    },
    "tidyr": {
      "Package": "tidyr",
      "Version": "1.3.1",
      "Source": "Repository",
      "Repository": "CRAN",
      "Hash": "915fb7ce036c22a6a33b5a8adb712eb1",
      "Requirements": [
        "cli",
        "cpp11",
        "glue",
        "lifecycle",
        "magrittr",
        "purrr",
        "rlang",
        "tibble",
        "vctrs"
      ]
    },
    "tidyverse": {
      "Package": "tidyverse",
      "Version": "2.0.0",
      "Source": "Repository",
      "Repository": "CRAN",
      "Hash": "c328568cd14ea89a83bd4ca7f54ae07e",
      "Requirements": [
        "broom",
        "cli",
        "conflicted",
        "dbplyr",
        "dtplyr",
        "forcats",
        "ggplot2",
        "googledrive",
        "googlesheets4",
        "haven",
        "httr",
        "jsonlite",
        "lubridate",
        "magrittr",
        "modelr",
        "pillar",
        "purrr",
        "readxl",
        "reprex",
        "rlang",
        "rvest",
        "tibble",
        "tidyr"
      ]
    },
    "timeDate": {
      "Package": "timeDate",
      "Version": "4041.110",
      "Source": "Repository",
      "Repository": "CRAN",
      "Hash": "c5e48e8ac24d4472ddb122bcdeb011ad",
      "Requirements": []
    },
    "timechange": {
      "Package": "timechange",
      "Version": "0.3.0",
      "Source": "Repository",
      "Repository": "CRAN",
      "Hash": "c5f3c201b931cd6474d17d8700ccb1c8",
      "Requirements": [
        "cpp11"
      ]
    },
    "tinytex": {
      "Package": "tinytex",
      "Version": "0.57",
      "Source": "Repository",
      "Repository": "CRAN",
      "Hash": "02d65e0c0415bf36a7ddc0d2ba50a840",
      "Requirements": [
        "xfun"
      ]
    },
    "tune": {
      "Package": "tune",
      "Version": "1.3.0",
      "Source": "Repository",
      "Repository": "CRAN",
      "Hash": "e774223f0f27d8579e4b55fa9fe8938f",
      "Requirements": [
        "GPfit",
        "cli",
        "dials",
        "doFuture",
        "foreach",
        "future",
        "generics",
        "ggplot2",
        "glue",
        "hardhat",
        "lifecycle",
        "parsnip",
        "purrr",
        "recipes",
        "rlang",
        "rsample",
        "tibble",
        "tidyr",
        "vctrs",
        "withr",
        "workflows",
        "yardstick"
      ]
    },
    "usdata": {
      "Package": "usdata",
      "Version": "0.3.1",
      "Source": "Repository",
      "Repository": "CRAN",
      "Hash": "924b597b270e2f6a84387f563abadb39",
      "Requirements": [
        "tibble"
      ]
    },
    "utf8": {
      "Package": "utf8",
      "Version": "1.2.6",
      "Source": "Repository",
      "Repository": "CRAN",
      "Hash": "d526d558be176e9ceb68c3d1e83479b7",
      "Requirements": []
    },
    "uuid": {
      "Package": "uuid",
      "Version": "1.2-1",
      "Source": "Repository",
      "Repository": "CRAN",
      "Hash": "34e965e62a41fcafb1ca60e9b142085b",
      "Requirements": []
    },
    "vctrs": {
      "Package": "vctrs",
      "Version": "0.6.5",
      "Source": "Repository",
      "Repository": "CRAN",
      "Hash": "c03fa420630029418f7e6da3667aac4a",
      "Requirements": [
        "cli",
        "glue",
        "lifecycle",
        "rlang"
      ]
    },
    "viridis": {
      "Package": "viridis",
      "Version": "0.6.5",
      "Source": "Repository",
      "Repository": "CRAN",
      "Hash": "acd96d9fa70adeea4a5a1150609b9745",
      "Requirements": [
        "ggplot2",
        "gridExtra",
        "viridisLite"
      ]
    },
    "viridisLite": {
      "Package": "viridisLite",
      "Version": "0.4.2",
      "Source": "Repository",
      "Repository": "CRAN",
      "Hash": "c826c7c4241b6fc89ff55aaea3fa7491",
      "Requirements": []
    },
    "warp": {
      "Package": "warp",
      "Version": "0.2.1",
      "Source": "Repository",
      "Repository": "CRAN",
      "Hash": "fea474d578b1cbcb696ae6ac8bdcc439",
      "Requirements": []
    },
    "withr": {
      "Package": "withr",
      "Version": "3.0.2",
      "Source": "Repository",
      "Repository": "CRAN",
      "Hash": "cc2d62c76458d425210d1eb1478b30b4",
      "Requirements": []
    },
    "workflows": {
      "Package": "workflows",
      "Version": "1.2.0",
      "Source": "Repository",
      "Repository": "CRAN",
      "Hash": "3339eafba56a1ccdc0a59ce7ab7be055",
      "Requirements": [
        "cli",
        "generics",
        "glue",
        "hardhat",
        "lifecycle",
        "modelenv",
        "parsnip",
        "recipes",
        "rlang",
        "sparsevctrs",
        "vctrs",
        "withr"
      ]
    },
    "workflowsets": {
      "Package": "workflowsets",
      "Version": "1.1.1",
      "Source": "Repository",
      "Repository": "CRAN",
      "Hash": "23ab643f85a862c9f1f7daf6fc71eb4c",
      "Requirements": [
        "cli",
        "generics",
        "ggplot2",
        "hardhat",
        "lifecycle",
        "parsnip",
        "pillar",
        "purrr",
        "rlang",
        "rsample",
        "tibble",
        "tidyr",
        "tune",
        "vctrs",
        "withr",
        "workflows"
      ]
    },
    "xfun": {
      "Package": "xfun",
      "Version": "0.52",
      "Source": "Repository",
      "Repository": "CRAN",
      "Hash": "652ce36fe7d57688e6786819b09d9190",
      "Requirements": []
    },
    "yaml": {
      "Package": "yaml",
      "Version": "2.3.10",
      "Source": "Repository",
      "Repository": "CRAN",
      "Hash": "51dab85c6c98e50a18d7551e9d49f76c",
      "Requirements": []
    },
    "yardstick": {
      "Package": "yardstick",
      "Version": "1.3.2",
      "Source": "Repository",
      "Repository": "CRAN",
      "Hash": "04af7b76ce6c3472553a8b508c073896",
      "Requirements": [
        "cli",
        "generics",
        "hardhat",
        "lifecycle",
        "rlang",
        "tibble",
        "vctrs",
        "withr"
      ]
    },
    "zoo": {
      "Package": "zoo",
      "Version": "1.8-14",
      "Source": "Repository",
      "Repository": "CRAN",
      "Hash": "d55a14a07e7f0b4a66f432198bcca194",
      "Requirements": [
        "lattice"
      ]
    }
  }
}
